// !$*UTF8*$!
{
	archiveVersion = 1;
	classes = {
	};
	objectVersion = 46;
	objects = {

/* Begin PBXBuildFile section */
		CCF3CB3D19F89F690031E0DD /* AppDelegate.swift in Sources */ = {isa = PBXBuildFile; fileRef = CCF3CB3C19F89F690031E0DD /* AppDelegate.swift */; };
		CCF3CB4419F89F690031E0DD /* Images.xcassets in Resources */ = {isa = PBXBuildFile; fileRef = CCF3CB4319F89F690031E0DD /* Images.xcassets */; };
		CCF3CB4719F89F690031E0DD /* LaunchScreen.xib in Resources */ = {isa = PBXBuildFile; fileRef = CCF3CB4519F89F690031E0DD /* LaunchScreen.xib */; };
		CCF3CB5319F89F690031E0DD /* CodeUITests.swift in Sources */ = {isa = PBXBuildFile; fileRef = CCF3CB5219F89F690031E0DD /* CodeUITests.swift */; };
/* End PBXBuildFile section */

/* Begin PBXContainerItemProxy section */
		CCF3CB4D19F89F690031E0DD /* PBXContainerItemProxy */ = {
			isa = PBXContainerItemProxy;
			containerPortal = CCF3CB2F19F89F690031E0DD /* Project object */;
			proxyType = 1;
			remoteGlobalIDString = CCF3CB3619F89F690031E0DD;
			remoteInfo = CodeUI;
		};
/* End PBXContainerItemProxy section */

/* Begin PBXFileReference section */
		CCF3CB3719F89F690031E0DD /* CodeUI.app */ = {isa = PBXFileReference; explicitFileType = wrapper.application; includeInIndex = 0; path = CodeUI.app; sourceTree = BUILT_PRODUCTS_DIR; };
		CCF3CB3B19F89F690031E0DD /* Info.plist */ = {isa = PBXFileReference; lastKnownFileType = text.plist.xml; path = Info.plist; sourceTree = "<group>"; };
		CCF3CB3C19F89F690031E0DD /* AppDelegate.swift */ = {isa = PBXFileReference; lastKnownFileType = sourcecode.swift; path = AppDelegate.swift; sourceTree = "<group>"; };
		CCF3CB4319F89F690031E0DD /* Images.xcassets */ = {isa = PBXFileReference; lastKnownFileType = folder.assetcatalog; path = Images.xcassets; sourceTree = "<group>"; };
		CCF3CB4619F89F690031E0DD /* Base */ = {isa = PBXFileReference; lastKnownFileType = file.xib; name = Base; path = Base.lproj/LaunchScreen.xib; sourceTree = "<group>"; };
		CCF3CB4C19F89F690031E0DD /* CodeUITests.xctest */ = {isa = PBXFileReference; explicitFileType = wrapper.cfbundle; includeInIndex = 0; path = CodeUITests.xctest; sourceTree = BUILT_PRODUCTS_DIR; };
		CCF3CB5119F89F690031E0DD /* Info.plist */ = {isa = PBXFileReference; lastKnownFileType = text.plist.xml; path = Info.plist; sourceTree = "<group>"; };
		CCF3CB5219F89F690031E0DD /* CodeUITests.swift */ = {isa = PBXFileReference; lastKnownFileType = sourcecode.swift; path = CodeUITests.swift; sourceTree = "<group>"; };
/* End PBXFileReference section */

/* Begin PBXFrameworksBuildPhase section */
		CCF3CB3419F89F690031E0DD /* Frameworks */ = {
			isa = PBXFrameworksBuildPhase;
			buildActionMask = 2147483647;
			files = (
			);
			runOnlyForDeploymentPostprocessing = 0;
		};
		CCF3CB4919F89F690031E0DD /* Frameworks */ = {
			isa = PBXFrameworksBuildPhase;
			buildActionMask = 2147483647;
			files = (
			);
			runOnlyForDeploymentPostprocessing = 0;
		};
/* End PBXFrameworksBuildPhase section */

/* Begin PBXGroup section */
		CCF3CB2E19F89F690031E0DD = {
			isa = PBXGroup;
			children = (
				CCF3CB3919F89F690031E0DD /* CodeUI */,
				CCF3CB4F19F89F690031E0DD /* CodeUITests */,
				CCF3CB3819F89F690031E0DD /* Products */,
			);
			sourceTree = "<group>";
		};
		CCF3CB3819F89F690031E0DD /* Products */ = {
			isa = PBXGroup;
			children = (
				CCF3CB3719F89F690031E0DD /* CodeUI.app */,
				CCF3CB4C19F89F690031E0DD /* CodeUITests.xctest */,
			);
			name = Products;
			sourceTree = "<group>";
		};
		CCF3CB3919F89F690031E0DD /* CodeUI */ = {
			isa = PBXGroup;
			children = (
				CCF3CB3C19F89F690031E0DD /* AppDelegate.swift */,
				CCF3CB4319F89F690031E0DD /* Images.xcassets */,
				CCF3CB4519F89F690031E0DD /* LaunchScreen.xib */,
				CCF3CB3A19F89F690031E0DD /* Supporting Files */,
			);
			path = CodeUI;
			sourceTree = "<group>";
		};
		CCF3CB3A19F89F690031E0DD /* Supporting Files */ = {
			isa = PBXGroup;
			children = (
				CCF3CB3B19F89F690031E0DD /* Info.plist */,
			);
			name = "Supporting Files";
			sourceTree = "<group>";
		};
		CCF3CB4F19F89F690031E0DD /* CodeUITests */ = {
			isa = PBXGroup;
			children = (
				CCF3CB5219F89F690031E0DD /* CodeUITests.swift */,
				CCF3CB5019F89F690031E0DD /* Supporting Files */,
			);
			path = CodeUITests;
			sourceTree = "<group>";
		};
		CCF3CB5019F89F690031E0DD /* Supporting Files */ = {
			isa = PBXGroup;
			children = (
				CCF3CB5119F89F690031E0DD /* Info.plist */,
			);
			name = "Supporting Files";
			sourceTree = "<group>";
		};
/* End PBXGroup section */

/* Begin PBXNativeTarget section */
		CCF3CB3619F89F690031E0DD /* CodeUI */ = {
			isa = PBXNativeTarget;
			buildConfigurationList = CCF3CB5619F89F690031E0DD /* Build configuration list for PBXNativeTarget "CodeUI" */;
			buildPhases = (
				CCF3CB3319F89F690031E0DD /* Sources */,
				CCF3CB3419F89F690031E0DD /* Frameworks */,
				CCF3CB3519F89F690031E0DD /* Resources */,
			);
			buildRules = (
			);
			dependencies = (
			);
			name = CodeUI;
			productName = CodeUI;
			productReference = CCF3CB3719F89F690031E0DD /* CodeUI.app */;
			productType = "com.apple.product-type.application";
		};
		CCF3CB4B19F89F690031E0DD /* CodeUITests */ = {
			isa = PBXNativeTarget;
			buildConfigurationList = CCF3CB5919F89F690031E0DD /* Build configuration list for PBXNativeTarget "CodeUITests" */;
			buildPhases = (
				CCF3CB4819F89F690031E0DD /* Sources */,
				CCF3CB4919F89F690031E0DD /* Frameworks */,
				CCF3CB4A19F89F690031E0DD /* Resources */,
			);
			buildRules = (
			);
			dependencies = (
				CCF3CB4E19F89F690031E0DD /* PBXTargetDependency */,
			);
			name = CodeUITests;
			productName = CodeUITests;
			productReference = CCF3CB4C19F89F690031E0DD /* CodeUITests.xctest */;
			productType = "com.apple.product-type.bundle.unit-test";
		};
/* End PBXNativeTarget section */

/* Begin PBXProject section */
		CCF3CB2F19F89F690031E0DD /* Project object */ = {
			isa = PBXProject;
			attributes = {
				LastUpgradeCheck = 0610;
				ORGANIZATIONNAME = crazyit.org;
				TargetAttributes = {
					CCF3CB3619F89F690031E0DD = {
						CreatedOnToolsVersion = 6.1;
					};
					CCF3CB4B19F89F690031E0DD = {
						CreatedOnToolsVersion = 6.1;
						TestTargetID = CCF3CB3619F89F690031E0DD;
					};
				};
			};
			buildConfigurationList = CCF3CB3219F89F690031E0DD /* Build configuration list for PBXProject "CodeUI" */;
			compatibilityVersion = "Xcode 3.2";
			developmentRegion = English;
			hasScannedForEncodings = 0;
			knownRegions = (
				en,
				Base,
			);
			mainGroup = CCF3CB2E19F89F690031E0DD;
			productRefGroup = CCF3CB3819F89F690031E0DD /* Products */;
			projectDirPath = "";
			projectRoot = "";
			targets = (
				CCF3CB3619F89F690031E0DD /* CodeUI */,
				CCF3CB4B19F89F690031E0DD /* CodeUITests */,
			);
		};
/* End PBXProject section */

/* Begin PBXResourcesBuildPhase section */
		CCF3CB3519F89F690031E0DD /* Resources */ = {
			isa = PBXResourcesBuildPhase;
			buildActionMask = 2147483647;
			files = (
				CCF3CB4719F89F690031E0DD /* LaunchScreen.xib in Resources */,
				CCF3CB4419F89F690031E0DD /* Images.xcassets in Resources */,
			);
			runOnlyForDeploymentPostprocessing = 0;
		};
		CCF3CB4A19F89F690031E0DD /* Resources */ = {
			isa = PBXResourcesBuildPhase;
			buildActionMask = 2147483647;
			files = (
			);
			runOnlyForDeploymentPostprocessing = 0;
		};
/* End PBXResourcesBuildPhase section */

/* Begin PBXSourcesBuildPhase section */
		CCF3CB3319F89F690031E0DD /* Sources */ = {
			isa = PBXSourcesBuildPhase;
			buildActionMask = 2147483647;
			files = (
				CCF3CB3D19F89F690031E0DD /* AppDelegate.swift in Sources */,
			);
			runOnlyForDeploymentPostprocessing = 0;
		};
		CCF3CB4819F89F690031E0DD /* Sources */ = {
			isa = PBXSourcesBuildPhase;
			buildActionMask = 2147483647;
			files = (
				CCF3CB5319F89F690031E0DD /* CodeUITests.swift in Sources */,
			);
			runOnlyForDeploymentPostprocessing = 0;
		};
/* End PBXSourcesBuildPhase section */

/* Begin PBXTargetDependency section */
		CCF3CB4E19F89F690031E0DD /* PBXTargetDependency */ = {
			isa = PBXTargetDependency;
			target = CCF3CB3619F89F690031E0DD /* CodeUI */;
			targetProxy = CCF3CB4D19F89F690031E0DD /* PBXContainerItemProxy */;
		};
/* End PBXTargetDependency section */

/* Begin PBXVariantGroup section */
		CCF3CB4519F89F690031E0DD /* LaunchScreen.xib */ = {
			isa = PBXVariantGroup;
			children = (
				CCF3CB4619F89F690031E0DD /* Base */,
			);
			name = LaunchScreen.xib;
			sourceTree = "<group>";
		};
/* End PBXVariantGroup section */

/* Begin XCBuildConfiguration section */
		CCF3CB5419F89F690031E0DD /* Debug */ = {
			isa = XCBuildConfiguration;
			buildSettings = {
				ALWAYS_SEARCH_USER_PATHS = NO;
				CLANG_CXX_LANGUAGE_STANDARD = "gnu++0x";
				CLANG_CXX_LIBRARY = "libc++";
				CLANG_ENABLE_MODULES = YES;
				CLANG_ENABLE_OBJC_ARC = YES;
				CLANG_WARN_BOOL_CONVERSION = YES;
				CLANG_WARN_CONSTANT_CONVERSION = YES;
				CLANG_WARN_DIRECT_OBJC_ISA_USAGE = YES_ERROR;
				CLANG_WARN_EMPTY_BODY = YES;
				CLANG_WARN_ENUM_CONVERSION = YES;
				CLANG_WARN_INT_CONVERSION = YES;
				CLANG_WARN_OBJC_ROOT_CLASS = YES_ERROR;
				CLANG_WARN_UNREACHABLE_CODE = YES;
				CLANG_WARN__DUPLICATE_METHOD_MATCH = YES;
				"CODE_SIGN_IDENTITY[sdk=iphoneos*]" = "iPhone Developer";
				COPY_PHASE_STRIP = NO;
				ENABLE_STRICT_OBJC_MSGSEND = YES;
				GCC_C_LANGUAGE_STANDARD = gnu99;
				GCC_DYNAMIC_NO_PIC = NO;
				GCC_OPTIMIZATION_LEVEL = 0;
				GCC_PREPROCESSOR_DEFINITIONS = (
					"DEBUG=1",
					"$(inherited)",
				);
				GCC_SYMBOLS_PRIVATE_EXTERN = NO;
				GCC_WARN_64_TO_32_BIT_CONVERSION = YES;
				GCC_WARN_ABOUT_RETURN_TYPE = YES_ERROR;
				GCC_WARN_UNDECLARED_SELECTOR = YES;
				GCC_WARN_UNINITIALIZED_AUTOS = YES_AGGRESSIVE;
				GCC_WARN_UNUSED_FUNCTION = YES;
				GCC_WARN_UNUSED_VARIABLE = YES;
				IPHONEOS_DEPLOYMENT_TARGET = 8.1;
				MTL_ENABLE_DEBUG_INFO = YES;
				ONLY_ACTIVE_ARCH = YES;
				SDKROOT = iphoneos;
				SWIFT_OPTIMIZATION_LEVEL = "-Onone";
			};
			name = Debug;
		};
		CCF3CB5519F89F690031E0DD /* Release */ = {
			isa = XCBuildConfiguration;
			buildSettings = {
				ALWAYS_SEARCH_USER_PATHS = NO;
				CLANG_CXX_LANGUAGE_STANDARD = "gnu++0x";
				CLANG_CXX_LIBRARY = "libc++";
				CLANG_ENABLE_MODULES = YES;
				CLANG_ENABLE_OBJC_ARC = YES;
				CLANG_WARN_BOOL_CONVERSION = YES;
				CLANG_WARN_CONSTANT_CONVERSION = YES;
				CLANG_WARN_DIRECT_OBJC_ISA_USAGE = YES_ERROR;
				CLANG_WARN_EMPTY_BODY = YES;
				CLANG_WARN_ENUM_CONVERSION = YES;
				CLANG_WARN_INT_CONVERSION = YES;
				CLANG_WARN_OBJC_ROOT_CLASS = YES_ERROR;
				CLANG_WARN_UNREACHABLE_CODE = YES;
				CLANG_WARN__DUPLICATE_METHOD_MATCH = YES;
				"CODE_SIGN_IDENTITY[sdk=iphoneos*]" = "iPhone Developer";
				COPY_PHASE_STRIP = YES;
				ENABLE_NS_ASSERTIONS = NO;
				ENABLE_STRICT_OBJC_MSGSEND = YES;
				GCC_C_LANGUAGE_STANDARD = gnu99;
				GCC_WARN_64_TO_32_BIT_CONVERSION = YES;
				GCC_WARN_ABOUT_RETURN_TYPE = YES_ERROR;
				GCC_WARN_UNDECLARED_SELECTOR = YES;
				GCC_WARN_UNINITIALIZED_AUTOS = YES_AGGRESSIVE;
				GCC_WARN_UNUSED_FUNCTION = YES;
				GCC_WARN_UNUSED_VARIABLE = YES;
				IPHONEOS_DEPLOYMENT_TARGET = 8.1;
				MTL_ENABLE_DEBUG_INFO = NO;
				SDKROOT = iphoneos;
				VALIDATE_PRODUCT = YES;
			};
			name = Release;
		};
		CCF3CB5719F89F690031E0DD /* Debug */ = {
			isa = XCBuildConfiguration;
			buildSettings = {
				ASSETCATALOG_COMPILER_APPICON_NAME = AppIcon;
				INFOPLIST_FILE = CodeUI/Info.plist;
				LD_RUNPATH_SEARCH_PATHS = "$(inherited) @executable_path/Frameworks";
				PRODUCT_NAME = "$(TARGET_NAME)";
			};
			name = Debug;
		};
		CCF3CB5819F89F690031E0DD /* Release */ = {
			isa = XCBuildConfiguration;
			buildSettings = {
				ASSETCATALOG_COMPILER_APPICON_NAME = AppIcon;
				INFOPLIST_FILE = CodeUI/Info.plist;
				LD_RUNPATH_SEARCH_PATHS = "$(inherited) @executable_path/Frameworks";
				PRODUCT_NAME = "$(TARGET_NAME)";
			};
			name = Release;
		};
		CCF3CB5A19F89F690031E0DD /* Debug */ = {
			isa = XCBuildConfiguration;
			buildSettings = {
				BUNDLE_LOADER = "$(TEST_HOST)";
				FRAMEWORK_SEARCH_PATHS = (
					"$(SDKROOT)/Developer/Library/Frameworks",
					"$(inherited)",
				);
				GCC_PREPROCESSOR_DEFINITIONS = (
					"DEBUG=1",
					"$(inherited)",
				);
				INFOPLIST_FILE = CodeUITests/Info.plist;
				LD_RUNPATH_SEARCH_PATHS = "$(inherited) @executable_path/Frameworks @loader_path/Frameworks";
				PRODUCT_NAME = "$(TARGET_NAME)";
				TEST_HOST = "$(BUILT_PRODUCTS_DIR)/CodeUI.app/CodeUI";
			};
			name = Debug;
		};
		CCF3CB5B19F89F690031E0DD /* Release */ = {
			isa = XCBuildConfiguration;
			buildSettings = {
				BUNDLE_LOADER = "$(TEST_HOST)";
				FRAMEWORK_SEARCH_PATHS = (
					"$(SDKROOT)/Developer/Library/Frameworks",
					"$(inherited)",
				);
				INFOPLIST_FILE = CodeUITests/Info.plist;
				LD_RUNPATH_SEARCH_PATHS = "$(inherited) @executable_path/Frameworks @loader_path/Frameworks";
				PRODUCT_NAME = "$(TARGET_NAME)";
				TEST_HOST = "$(BUILT_PRODUCTS_DIR)/CodeUI.app/CodeUI";
			};
			name = Release;
		};
/* End XCBuildConfiguration section */

/* Begin XCConfigurationList section */
		CCF3CB3219F89F690031E0DD /* Build configuration list for PBXProject "CodeUI" */ = {
			isa = XCConfigurationList;
			buildConfigurations = (
				CCF3CB5419F89F690031E0DD /* Debug */,
				CCF3CB5519F89F690031E0DD /* Release */,
			);
			defaultConfigurationIsVisible = 0;
			defaultConfigurationName = Release;
		};
		CCF3CB5619F89F690031E0DD /* Build configuration list for PBXNativeTarget "CodeUI" */ = {
			isa = XCConfigurationList;
			buildConfigurations = (
				CCF3CB5719F89F690031E0DD /* Debug */,
				CCF3CB5819F89F690031E0DD /* Release */,
			);
			defaultConfigurationIsVisible = 0;
			defaultConfigurationName = Release;
		};
		CCF3CB5919F89F690031E0DD /* Build configuration list for PBXNativeTarget "CodeUITests" */ = {
			isa = XCConfigurationList;
			buildConfigurations = (
				CCF3CB5A19F89F690031E0DD /* Debug */,
				CCF3CB5B19F89F690031E0DD /* Release */,
			);
			defaultConfigurationIsVisible = 0;
			defaultConfigurationName = Release;
		};
/* End XCConfigurationList section */
	};
	rootObject = CCF3CB2F19F89F690031E0DD /* Project object */;
}
