// !$*UTF8*$!
{
	archiveVersion = 1;
	classes = {
	};
	objectVersion = 46;
	objects = {

/* Begin PBXBuildFile section */
		CC9F8F8619FB4AD40041EFE1 /* AppDelegate.swift in Sources */ = {isa = PBXBuildFile; fileRef = CC9F8F8519FB4AD40041EFE1 /* AppDelegate.swift */; };
		CC9F8F8819FB4AD40041EFE1 /* ViewController.swift in Sources */ = {isa = PBXBuildFile; fileRef = CC9F8F8719FB4AD40041EFE1 /* ViewController.swift */; };
		CC9F8F8B19FB4AD40041EFE1 /* Main.storyboard in Resources */ = {isa = PBXBuildFile; fileRef = CC9F8F8919FB4AD40041EFE1 /* Main.storyboard */; };
		CC9F8F8D19FB4AD40041EFE1 /* Images.xcassets in Resources */ = {isa = PBXBuildFile; fileRef = CC9F8F8C19FB4AD40041EFE1 /* Images.xcassets */; };
		CC9F8F9019FB4AD40041EFE1 /* LaunchScreen.xib in Resources */ = {isa = PBXBuildFile; fileRef = CC9F8F8E19FB4AD40041EFE1 /* LaunchScreen.xib */; };
		CC9F8F9C19FB4AD40041EFE1 /* CallOCTests.swift in Sources */ = {isa = PBXBuildFile; fileRef = CC9F8F9B19FB4AD40041EFE1 /* CallOCTests.swift */; };
		CC9F8FA819FB50900041EFE1 /* FKSayHi.m in Sources */ = {isa = PBXBuildFile; fileRef = CC9F8FA719FB50900041EFE1 /* FKSayHi.m */; };
/* End PBXBuildFile section */

/* Begin PBXContainerItemProxy section */
		CC9F8F9619FB4AD40041EFE1 /* PBXContainerItemProxy */ = {
			isa = PBXContainerItemProxy;
			containerPortal = CC9F8F7819FB4AD40041EFE1 /* Project object */;
			proxyType = 1;
			remoteGlobalIDString = CC9F8F7F19FB4AD40041EFE1;
			remoteInfo = CallOC;
		};
/* End PBXContainerItemProxy section */

/* Begin PBXFileReference section */
		CC9F8F8019FB4AD40041EFE1 /* CallOC.app */ = {isa = PBXFileReference; explicitFileType = wrapper.application; includeInIndex = 0; path = CallOC.app; sourceTree = BUILT_PRODUCTS_DIR; };
		CC9F8F8419FB4AD40041EFE1 /* Info.plist */ = {isa = PBXFileReference; lastKnownFileType = text.plist.xml; path = Info.plist; sourceTree = "<group>"; };
		CC9F8F8519FB4AD40041EFE1 /* AppDelegate.swift */ = {isa = PBXFileReference; lastKnownFileType = sourcecode.swift; path = AppDelegate.swift; sourceTree = "<group>"; };
		CC9F8F8719FB4AD40041EFE1 /* ViewController.swift */ = {isa = PBXFileReference; lastKnownFileType = sourcecode.swift; path = ViewController.swift; sourceTree = "<group>"; };
		CC9F8F8A19FB4AD40041EFE1 /* Base */ = {isa = PBXFileReference; lastKnownFileType = file.storyboard; name = Base; path = Base.lproj/Main.storyboard; sourceTree = "<group>"; };
		CC9F8F8C19FB4AD40041EFE1 /* Images.xcassets */ = {isa = PBXFileReference; lastKnownFileType = folder.assetcatalog; path = Images.xcassets; sourceTree = "<group>"; };
		CC9F8F8F19FB4AD40041EFE1 /* Base */ = {isa = PBXFileReference; lastKnownFileType = file.xib; name = Base; path = Base.lproj/LaunchScreen.xib; sourceTree = "<group>"; };
		CC9F8F9519FB4AD40041EFE1 /* CallOCTests.xctest */ = {isa = PBXFileReference; explicitFileType = wrapper.cfbundle; includeInIndex = 0; path = CallOCTests.xctest; sourceTree = BUILT_PRODUCTS_DIR; };
		CC9F8F9A19FB4AD40041EFE1 /* Info.plist */ = {isa = PBXFileReference; lastKnownFileType = text.plist.xml; path = Info.plist; sourceTree = "<group>"; };
		CC9F8F9B19FB4AD40041EFE1 /* CallOCTests.swift */ = {isa = PBXFileReference; lastKnownFileType = sourcecode.swift; path = CallOCTests.swift; sourceTree = "<group>"; };
		CC9F8FA519FB508F0041EFE1 /* CallOC-Bridging-Header.h */ = {isa = PBXFileReference; lastKnownFileType = sourcecode.c.h; path = "CallOC-Bridging-Header.h"; sourceTree = "<group>"; };
		CC9F8FA619FB50900041EFE1 /* FKSayHi.h */ = {isa = PBXFileReference; fileEncoding = 4; lastKnownFileType = sourcecode.c.h; path = FKSayHi.h; sourceTree = "<group>"; };
		CC9F8FA719FB50900041EFE1 /* FKSayHi.m */ = {isa = PBXFileReference; fileEncoding = 4; lastKnownFileType = sourcecode.c.objc; path = FKSayHi.m; sourceTree = "<group>"; };
/* End PBXFileReference section */

/* Begin PBXFrameworksBuildPhase section */
		CC9F8F7D19FB4AD40041EFE1 /* Frameworks */ = {
			isa = PBXFrameworksBuildPhase;
			buildActionMask = 2147483647;
			files = (
			);
			runOnlyForDeploymentPostprocessing = 0;
		};
		CC9F8F9219FB4AD40041EFE1 /* Frameworks */ = {
			isa = PBXFrameworksBuildPhase;
			buildActionMask = 2147483647;
			files = (
			);
			runOnlyForDeploymentPostprocessing = 0;
		};
/* End PBXFrameworksBuildPhase section */

/* Begin PBXGroup section */
		CC9F8F7719FB4AD40041EFE1 = {
			isa = PBXGroup;
			children = (
				CC9F8F8219FB4AD40041EFE1 /* CallOC */,
				CC9F8F9819FB4AD40041EFE1 /* CallOCTests */,
				CC9F8F8119FB4AD40041EFE1 /* Products */,
			);
			sourceTree = "<group>";
		};
		CC9F8F8119FB4AD40041EFE1 /* Products */ = {
			isa = PBXGroup;
			children = (
				CC9F8F8019FB4AD40041EFE1 /* CallOC.app */,
				CC9F8F9519FB4AD40041EFE1 /* CallOCTests.xctest */,
			);
			name = Products;
			sourceTree = "<group>";
		};
		CC9F8F8219FB4AD40041EFE1 /* CallOC */ = {
			isa = PBXGroup;
			children = (
				CC9F8F8519FB4AD40041EFE1 /* AppDelegate.swift */,
				CC9F8FA619FB50900041EFE1 /* FKSayHi.h */,
				CC9F8FA719FB50900041EFE1 /* FKSayHi.m */,
				CC9F8F8719FB4AD40041EFE1 /* ViewController.swift */,
				CC9F8F8919FB4AD40041EFE1 /* Main.storyboard */,
				CC9F8F8C19FB4AD40041EFE1 /* Images.xcassets */,
				CC9F8F8E19FB4AD40041EFE1 /* LaunchScreen.xib */,
				CC9F8F8319FB4AD40041EFE1 /* Supporting Files */,
				CC9F8FA519FB508F0041EFE1 /* CallOC-Bridging-Header.h */,
			);
			path = CallOC;
			sourceTree = "<group>";
		};
		CC9F8F8319FB4AD40041EFE1 /* Supporting Files */ = {
			isa = PBXGroup;
			children = (
				CC9F8F8419FB4AD40041EFE1 /* Info.plist */,
			);
			name = "Supporting Files";
			sourceTree = "<group>";
		};
		CC9F8F9819FB4AD40041EFE1 /* CallOCTests */ = {
			isa = PBXGroup;
			children = (
				CC9F8F9B19FB4AD40041EFE1 /* CallOCTests.swift */,
				CC9F8F9919FB4AD40041EFE1 /* Supporting Files */,
			);
			path = CallOCTests;
			sourceTree = "<group>";
		};
		CC9F8F9919FB4AD40041EFE1 /* Supporting Files */ = {
			isa = PBXGroup;
			children = (
				CC9F8F9A19FB4AD40041EFE1 /* Info.plist */,
			);
			name = "Supporting Files";
			sourceTree = "<group>";
		};
/* End PBXGroup section */

/* Begin PBXNativeTarget section */
		CC9F8F7F19FB4AD40041EFE1 /* CallOC */ = {
			isa = PBXNativeTarget;
			buildConfigurationList = CC9F8F9F19FB4AD40041EFE1 /* Build configuration list for PBXNativeTarget "CallOC" */;
			buildPhases = (
				CC9F8F7C19FB4AD40041EFE1 /* Sources */,
				CC9F8F7D19FB4AD40041EFE1 /* Frameworks */,
				CC9F8F7E19FB4AD40041EFE1 /* Resources */,
			);
			buildRules = (
			);
			dependencies = (
			);
			name = CallOC;
			productName = CallOC;
			productReference = CC9F8F8019FB4AD40041EFE1 /* CallOC.app */;
			productType = "com.apple.product-type.application";
		};
		CC9F8F9419FB4AD40041EFE1 /* CallOCTests */ = {
			isa = PBXNativeTarget;
			buildConfigurationList = CC9F8FA219FB4AD40041EFE1 /* Build configuration list for PBXNativeTarget "CallOCTests" */;
			buildPhases = (
				CC9F8F9119FB4AD40041EFE1 /* Sources */,
				CC9F8F9219FB4AD40041EFE1 /* Frameworks */,
				CC9F8F9319FB4AD40041EFE1 /* Resources */,
			);
			buildRules = (
			);
			dependencies = (
				CC9F8F9719FB4AD40041EFE1 /* PBXTargetDependency */,
			);
			name = CallOCTests;
			productName = CallOCTests;
			productReference = CC9F8F9519FB4AD40041EFE1 /* CallOCTests.xctest */;
			productType = "com.apple.product-type.bundle.unit-test";
		};
/* End PBXNativeTarget section */

/* Begin PBXProject section */
		CC9F8F7819FB4AD40041EFE1 /* Project object */ = {
			isa = PBXProject;
			attributes = {
				LastUpgradeCheck = 0610;
				ORGANIZATIONNAME = crazyit.org;
				TargetAttributes = {
					CC9F8F7F19FB4AD40041EFE1 = {
						CreatedOnToolsVersion = 6.1;
					};
					CC9F8F9419FB4AD40041EFE1 = {
						CreatedOnToolsVersion = 6.1;
						TestTargetID = CC9F8F7F19FB4AD40041EFE1;
					};
				};
			};
			buildConfigurationList = CC9F8F7B19FB4AD40041EFE1 /* Build configuration list for PBXProject "CallOC" */;
			compatibilityVersion = "Xcode 3.2";
			developmentRegion = English;
			hasScannedForEncodings = 0;
			knownRegions = (
				en,
				Base,
			);
			mainGroup = CC9F8F7719FB4AD40041EFE1;
			productRefGroup = CC9F8F8119FB4AD40041EFE1 /* Products */;
			projectDirPath = "";
			projectRoot = "";
			targets = (
				CC9F8F7F19FB4AD40041EFE1 /* CallOC */,
				CC9F8F9419FB4AD40041EFE1 /* CallOCTests */,
			);
		};
/* End PBXProject section */

/* Begin PBXResourcesBuildPhase section */
		CC9F8F7E19FB4AD40041EFE1 /* Resources */ = {
			isa = PBXResourcesBuildPhase;
			buildActionMask = 2147483647;
			files = (
				CC9F8F8B19FB4AD40041EFE1 /* Main.storyboard in Resources */,
				CC9F8F9019FB4AD40041EFE1 /* LaunchScreen.xib in Resources */,
				CC9F8F8D19FB4AD40041EFE1 /* Images.xcassets in Resources */,
			);
			runOnlyForDeploymentPostprocessing = 0;
		};
		CC9F8F9319FB4AD40041EFE1 /* Resources */ = {
			isa = PBXResourcesBuildPhase;
			buildActionMask = 2147483647;
			files = (
			);
			runOnlyForDeploymentPostprocessing = 0;
		};
/* End PBXResourcesBuildPhase section */

/* Begin PBXSourcesBuildPhase section */
		CC9F8F7C19FB4AD40041EFE1 /* Sources */ = {
			isa = PBXSourcesBuildPhase;
			buildActionMask = 2147483647;
			files = (
				CC9F8F8819FB4AD40041EFE1 /* ViewController.swift in Sources */,
				CC9F8F8619FB4AD40041EFE1 /* AppDelegate.swift in Sources */,
				CC9F8FA819FB50900041EFE1 /* FKSayHi.m in Sources */,
			);
			runOnlyForDeploymentPostprocessing = 0;
		};
		CC9F8F9119FB4AD40041EFE1 /* Sources */ = {
			isa = PBXSourcesBuildPhase;
			buildActionMask = 2147483647;
			files = (
				CC9F8F9C19FB4AD40041EFE1 /* CallOCTests.swift in Sources */,
			);
			runOnlyForDeploymentPostprocessing = 0;
		};
/* End PBXSourcesBuildPhase section */

/* Begin PBXTargetDependency section */
		CC9F8F9719FB4AD40041EFE1 /* PBXTargetDependency */ = {
			isa = PBXTargetDependency;
			target = CC9F8F7F19FB4AD40041EFE1 /* CallOC */;
			targetProxy = CC9F8F9619FB4AD40041EFE1 /* PBXContainerItemProxy */;
		};
/* End PBXTargetDependency section */

/* Begin PBXVariantGroup section */
		CC9F8F8919FB4AD40041EFE1 /* Main.storyboard */ = {
			isa = PBXVariantGroup;
			children = (
				CC9F8F8A19FB4AD40041EFE1 /* Base */,
			);
			name = Main.storyboard;
			sourceTree = "<group>";
		};
		CC9F8F8E19FB4AD40041EFE1 /* LaunchScreen.xib */ = {
			isa = PBXVariantGroup;
			children = (
				CC9F8F8F19FB4AD40041EFE1 /* Base */,
			);
			name = LaunchScreen.xib;
			sourceTree = "<group>";
		};
/* End PBXVariantGroup section */

/* Begin XCBuildConfiguration section */
		CC9F8F9D19FB4AD40041EFE1 /* Debug */ = {
			isa = XCBuildConfiguration;
			buildSettings = {
				ALWAYS_SEARCH_USER_PATHS = NO;
				CLANG_CXX_LANGUAGE_STANDARD = "gnu++0x";
				CLANG_CXX_LIBRARY = "libc++";
				CLANG_ENABLE_MODULES = YES;
				CLANG_ENABLE_OBJC_ARC = YES;
				CLANG_WARN_BOOL_CONVERSION = YES;
				CLANG_WARN_CONSTANT_CONVERSION = YES;
				CLANG_WARN_DIRECT_OBJC_ISA_USAGE = YES_ERROR;
				CLANG_WARN_EMPTY_BODY = YES;
				CLANG_WARN_ENUM_CONVERSION = YES;
				CLANG_WARN_INT_CONVERSION = YES;
				CLANG_WARN_OBJC_ROOT_CLASS = YES_ERROR;
				CLANG_WARN_UNREACHABLE_CODE = YES;
				CLANG_WARN__DUPLICATE_METHOD_MATCH = YES;
				"CODE_SIGN_IDENTITY[sdk=iphoneos*]" = "iPhone Developer";
				COPY_PHASE_STRIP = NO;
				ENABLE_STRICT_OBJC_MSGSEND = YES;
				GCC_C_LANGUAGE_STANDARD = gnu99;
				GCC_DYNAMIC_NO_PIC = NO;
				GCC_OPTIMIZATION_LEVEL = 0;
				GCC_PREPROCESSOR_DEFINITIONS = (
					"DEBUG=1",
					"$(inherited)",
				);
				GCC_SYMBOLS_PRIVATE_EXTERN = NO;
				GCC_WARN_64_TO_32_BIT_CONVERSION = YES;
				GCC_WARN_ABOUT_RETURN_TYPE = YES_ERROR;
				GCC_WARN_UNDECLARED_SELECTOR = YES;
				GCC_WARN_UNINITIALIZED_AUTOS = YES_AGGRESSIVE;
				GCC_WARN_UNUSED_FUNCTION = YES;
				GCC_WARN_UNUSED_VARIABLE = YES;
				IPHONEOS_DEPLOYMENT_TARGET = 8.1;
				MTL_ENABLE_DEBUG_INFO = YES;
				ONLY_ACTIVE_ARCH = YES;
				SDKROOT = iphoneos;
				SWIFT_OPTIMIZATION_LEVEL = "-Onone";
			};
			name = Debug;
		};
		CC9F8F9E19FB4AD40041EFE1 /* Release */ = {
			isa = XCBuildConfiguration;
			buildSettings = {
				ALWAYS_SEARCH_USER_PATHS = NO;
				CLANG_CXX_LANGUAGE_STANDARD = "gnu++0x";
				CLANG_CXX_LIBRARY = "libc++";
				CLANG_ENABLE_MODULES = YES;
				CLANG_ENABLE_OBJC_ARC = YES;
				CLANG_WARN_BOOL_CONVERSION = YES;
				CLANG_WARN_CONSTANT_CONVERSION = YES;
				CLANG_WARN_DIRECT_OBJC_ISA_USAGE = YES_ERROR;
				CLANG_WARN_EMPTY_BODY = YES;
				CLANG_WARN_ENUM_CONVERSION = YES;
				CLANG_WARN_INT_CONVERSION = YES;
				CLANG_WARN_OBJC_ROOT_CLASS = YES_ERROR;
				CLANG_WARN_UNREACHABLE_CODE = YES;
				CLANG_WARN__DUPLICATE_METHOD_MATCH = YES;
				"CODE_SIGN_IDENTITY[sdk=iphoneos*]" = "iPhone Developer";
				COPY_PHASE_STRIP = YES;
				ENABLE_NS_ASSERTIONS = NO;
				ENABLE_STRICT_OBJC_MSGSEND = YES;
				GCC_C_LANGUAGE_STANDARD = gnu99;
				GCC_WARN_64_TO_32_BIT_CONVERSION = YES;
				GCC_WARN_ABOUT_RETURN_TYPE = YES_ERROR;
				GCC_WARN_UNDECLARED_SELECTOR = YES;
				GCC_WARN_UNINITIALIZED_AUTOS = YES_AGGRESSIVE;
				GCC_WARN_UNUSED_FUNCTION = YES;
				GCC_WARN_UNUSED_VARIABLE = YES;
				IPHONEOS_DEPLOYMENT_TARGET = 8.1;
				MTL_ENABLE_DEBUG_INFO = NO;
				SDKROOT = iphoneos;
				VALIDATE_PRODUCT = YES;
			};
			name = Release;
		};
		CC9F8FA019FB4AD40041EFE1 /* Debug */ = {
			isa = XCBuildConfiguration;
			buildSettings = {
				ASSETCATALOG_COMPILER_APPICON_NAME = AppIcon;
				CLANG_ENABLE_MODULES = YES;
				INFOPLIST_FILE = CallOC/Info.plist;
				LD_RUNPATH_SEARCH_PATHS = "$(inherited) @executable_path/Frameworks";
				PRODUCT_NAME = "$(TARGET_NAME)";
				SWIFT_OBJC_BRIDGING_HEADER = "CallOC/CallOC-Bridging-Header.h";
				SWIFT_OPTIMIZATION_LEVEL = "-Onone";
			};
			name = Debug;
		};
		CC9F8FA119FB4AD40041EFE1 /* Release */ = {
			isa = XCBuildConfiguration;
			buildSettings = {
				ASSETCATALOG_COMPILER_APPICON_NAME = AppIcon;
				CLANG_ENABLE_MODULES = YES;
				INFOPLIST_FILE = CallOC/Info.plist;
				LD_RUNPATH_SEARCH_PATHS = "$(inherited) @executable_path/Frameworks";
				PRODUCT_NAME = "$(TARGET_NAME)";
				SWIFT_OBJC_BRIDGING_HEADER = "CallOC/CallOC-Bridging-Header.h";
			};
			name = Release;
		};
		CC9F8FA319FB4AD40041EFE1 /* Debug */ = {
			isa = XCBuildConfiguration;
			buildSettings = {
				BUNDLE_LOADER = "$(TEST_HOST)";
				FRAMEWORK_SEARCH_PATHS = (
					"$(SDKROOT)/Developer/Library/Frameworks",
					"$(inherited)",
				);
				GCC_PREPROCESSOR_DEFINITIONS = (
					"DEBUG=1",
					"$(inherited)",
				);
				INFOPLIST_FILE = CallOCTests/Info.plist;
				LD_RUNPATH_SEARCH_PATHS = "$(inherited) @executable_path/Frameworks @loader_path/Frameworks";
				PRODUCT_NAME = "$(TARGET_NAME)";
				TEST_HOST = "$(BUILT_PRODUCTS_DIR)/CallOC.app/CallOC";
			};
			name = Debug;
		};
		CC9F8FA419FB4AD40041EFE1 /* Release */ = {
			isa = XCBuildConfiguration;
			buildSettings = {
				BUNDLE_LOADER = "$(TEST_HOST)";
				FRAMEWORK_SEARCH_PATHS = (
					"$(SDKROOT)/Developer/Library/Frameworks",
					"$(inherited)",
				);
				INFOPLIST_FILE = CallOCTests/Info.plist;
				LD_RUNPATH_SEARCH_PATHS = "$(inherited) @executable_path/Frameworks @loader_path/Frameworks";
				PRODUCT_NAME = "$(TARGET_NAME)";
				TEST_HOST = "$(BUILT_PRODUCTS_DIR)/CallOC.app/CallOC";
			};
			name = Release;
		};
/* End XCBuildConfiguration section */

/* Begin XCConfigurationList section */
		CC9F8F7B19FB4AD40041EFE1 /* Build configuration list for PBXProject "CallOC" */ = {
			isa = XCConfigurationList;
			buildConfigurations = (
				CC9F8F9D19FB4AD40041EFE1 /* Debug */,
				CC9F8F9E19FB4AD40041EFE1 /* Release */,
			);
			defaultConfigurationIsVisible = 0;
			defaultConfigurationName = Release;
		};
		CC9F8F9F19FB4AD40041EFE1 /* Build configuration list for PBXNativeTarget "CallOC" */ = {
			isa = XCConfigurationList;
			buildConfigurations = (
				CC9F8FA019FB4AD40041EFE1 /* Debug */,
				CC9F8FA119FB4AD40041EFE1 /* Release */,
			);
			defaultConfigurationIsVisible = 0;
		};
		CC9F8FA219FB4AD40041EFE1 /* Build configuration list for PBXNativeTarget "CallOCTests" */ = {
			isa = XCConfigurationList;
			buildConfigurations = (
				CC9F8FA319FB4AD40041EFE1 /* Debug */,
				CC9F8FA419FB4AD40041EFE1 /* Release */,
			);
			defaultConfigurationIsVisible = 0;
		};
/* End XCConfigurationList section */
	};
	rootObject = CC9F8F7819FB4AD40041EFE1 /* Project object */;
}
